
Microsoft Visual Studio Solution File, Format Version 11.00
# Visual Studio 2010
Project("{FAE04EC0-301F-11D3-BF4B-00C04F79EFBC}") = "ShadowParser", "ShadowParser\ShadowParser.csproj", "{73CD8679-CFFE-4D5C-85F3-3054E6A80C9A}"
EndProject
Project("{FAE04EC0-301F-11D3-BF4B-00C04F79EFBC}") = "ShadowParserTester", "ShadowParserTester\ShadowParserTester.csproj", "{FA86AC1A-49F4-46E4-9183-1FEEF3EF26DD}"
EndProject
Project("{2150E333-8FDC-42A3-9474-1A3956D46DE8}") = "Solution Items", "Solution Items", "{821111EA-0030-4FF0-8192-2579716B0983}"
	ProjectSection(SolutionItems) = preProject
		Local.testsettings = Local.testsettings
		ShadowParser.vsmdi = ShadowParser.vsmdi
		TraceAndTestImpact.testsettings = TraceAndTestImpact.testsettings
	EndProjectSection
EndProject
Global
	GlobalSection(TestCaseManagementSettings) = postSolution
		CategoryFile = ShadowParser.vsmdi
	EndGlobalSection
	GlobalSection(SolutionConfigurationPlatforms) = preSolution
		Debug|Any CPU = Debug|Any CPU
		Debug|Mixed Platforms = Debug|Mixed Platforms
		Debug|x86 = Debug|x86
		Release|Any CPU = Release|Any CPU
		Release|Mixed Platforms = Release|Mixed Platforms
		Release|x86 = Release|x86
	EndGlobalSection
	GlobalSection(ProjectConfigurationPlatforms) = postSolution
		{73CD8679-CFFE-4D5C-85F3-3054E6A80C9A}.Debug|Any CPU.ActiveCfg = Debug|x86
		{73CD8679-CFFE-4D5C-85F3-3054E6A80C9A}.Debug|Mixed Platforms.ActiveCfg = Debug|x86
		{73CD8679-CFFE-4D5C-85F3-3054E6A80C9A}.Debug|Mixed Platforms.Build.0 = Debug|x86
		{73CD8679-CFFE-4D5C-85F3-3054E6A80C9A}.Debug|x86.ActiveCfg = Debug|x86
		{73CD8679-CFFE-4D5C-85F3-3054E6A80C9A}.Debug|x86.Build.0 = Debug|x86
		{73CD8679-CFFE-4D5C-85F3-3054E6A80C9A}.Release|Any CPU.ActiveCfg = Release|x86
		{73CD8679-CFFE-4D5C-85F3-3054E6A80C9A}.Release|Mixed Platforms.ActiveCfg = Release|x86
		{73CD8679-CFFE-4D5C-85F3-3054E6A80C9A}.Release|Mixed Platforms.Build.0 = Release|x86
		{73CD8679-CFFE-4D5C-85F3-3054E6A80C9A}.Release|x86.ActiveCfg = Release|x86
		{73CD8679-CFFE-4D5C-85F3-3054E6A80C9A}.Release|x86.Build.0 = Release|x86
		{FA86AC1A-49F4-46E4-9183-1FEEF3EF26DD}.Debug|Any CPU.ActiveCfg = Debug|Any CPU
		{FA86AC1A-49F4-46E4-9183-1FEEF3EF26DD}.Debug|Any CPU.Build.0 = Debug|Any CPU
		{FA86AC1A-49F4-46E4-9183-1FEEF3EF26DD}.Debug|Mixed Platforms.ActiveCfg = Debug|Any CPU
		{FA86AC1A-49F4-46E4-9183-1FEEF3EF26DD}.Debug|Mixed Platforms.Build.0 = Debug|Any CPU
		{FA86AC1A-49F4-46E4-9183-1FEEF3EF26DD}.Debug|x86.ActiveCfg = Debug|Any CPU
		{FA86AC1A-49F4-46E4-9183-1FEEF3EF26DD}.Release|Any CPU.ActiveCfg = Release|Any CPU
		{FA86AC1A-49F4-46E4-9183-1FEEF3EF26DD}.Release|Any CPU.Build.0 = Release|Any CPU
		{FA86AC1A-49F4-46E4-9183-1FEEF3EF26DD}.Release|Mixed Platforms.ActiveCfg = Release|Any CPU
		{FA86AC1A-49F4-46E4-9183-1FEEF3EF26DD}.Release|Mixed Platforms.Build.0 = Release|Any CPU
		{FA86AC1A-49F4-46E4-9183-1FEEF3EF26DD}.Release|x86.ActiveCfg = Release|Any CPU
	EndGlobalSection
	GlobalSection(SolutionProperties) = preSolution
		HideSolutionNode = FALSE
	EndGlobalSection
EndGlobal
